
Microsoft Visual Studio Solution File, Format Version 12.00
# Visual Studio Version 17
VisualStudioVersion = 17.4.33205.214
MinimumVisualStudioVersion = 10.0.40219.1
Project("{9A19103F-16F7-4668-BE54-9A1E7A4F7556}") = "RedditBotNew", "RedditBotNew.csproj", "{619AB5A9-FC47-421B-85C7-790D9B23C26D}"
EndProject
Project("{9A19103F-16F7-4668-BE54-9A1E7A4F7556}") = "InstagramApiSharp", "InstagramApiSharp\src\InstagramApiSharp\InstagramApiSharp.csproj", "{1D12212A-7BC1-4DAF-9780-966B4F185BB5}"
EndProject
Global
	GlobalSection(SolutionConfigurationPlatforms) = preSolution
		Debug|Any CPU = Debug|Any CPU
		Release|Any CPU = Release|Any CPU
	EndGlobalSection
	GlobalSection(ProjectConfigurationPlatforms) = postSolution
		{619AB5A9-FC47-421B-85C7-790D9B23C26D}.Debug|Any CPU.ActiveCfg = Debug|Any CPU
		{619AB5A9-FC47-421B-85C7-790D9B23C26D}.Debug|Any CPU.Build.0 = Debug|Any CPU
		{619AB5A9-FC47-421B-85C7-790D9B23C26D}.Release|Any CPU.ActiveCfg = Release|Any CPU
		{619AB5A9-FC47-421B-85C7-790D9B23C26D}.Release|Any CPU.Build.0 = Release|Any CPU
		{1D12212A-7BC1-4DAF-9780-966B4F185BB5}.Debug|Any CPU.ActiveCfg = Debug|Any CPU
		{1D12212A-7BC1-4DAF-9780-966B4F185BB5}.Debug|Any CPU.Build.0 = Debug|Any CPU
		{1D12212A-7BC1-4DAF-9780-966B4F185BB5}.Release|Any CPU.ActiveCfg = Release|Any CPU
		{1D12212A-7BC1-4DAF-9780-966B4F185BB5}.Release|Any CPU.Build.0 = Release|Any CPU
	EndGlobalSection
	GlobalSection(SolutionProperties) = preSolution
		HideSolutionNode = FALSE
	EndGlobalSection
	GlobalSection(ExtensibilityGlobals) = postSolution
		SolutionGuid = {9A853CC6-836E-4A97-B3C7-7E2E339B12D0}
	EndGlobalSection
EndGlobal
